github.com/fxrobot/rand v1.0.0 h1:V6ru7tomDpPV3aFfHdxPTh+PBdzhYbDuzf+0rR9f+sE=
github.com/fxrobot/rand v1.0.0/go.mod h1:MTlYX4XceE2+DBWzKa5TTW7gL7sRtNcGI/3HpCCo3no=
github.com/fxrobot/util v1.0.1 h1:IiiMrNsSeWd9932a21mHMrH/F1dFwMVAiJ/DhMXs5b8=
github.com/fxrobot/util v1.0.1/go.mod h1:bOZNF8vCJAefLkE5PjNx+I41YWVwZ5CBr1/nX38X684=
